
Microsoft Visual Studio Solution File, Format Version 12.00
# Visual Studio Version 17
VisualStudioVersion = 17.8.34330.188
MinimumVisualStudioVersion = 10.0.40219.1
Project("{9A19103F-16F7-4668-BE54-9A1E7A4F7556}") = "00.Algorithms", "Algorithms\00.Algorithms.csproj", "{07C02351-4693-4D1C-A4BD-F27624589663}"
EndProject
Project("{9A19103F-16F7-4668-BE54-9A1E7A4F7556}") = "01.List", "01.List\01.List.csproj", "{F2932D0D-44BC-43D5-B79C-0FC8D83D8927}"
EndProject
Project("{9A19103F-16F7-4668-BE54-9A1E7A4F7556}") = "02.LinkedList", "02.LinkedList\02.LinkedList.csproj", "{777EC0D1-A954-432B-99C9-C621EDDF75E2}"
EndProject
Project("{9A19103F-16F7-4668-BE54-9A1E7A4F7556}") = "03.Stack&Queue", "03.Stack&Queue\03.Stack&Queue.csproj", "{97D211DB-F3BE-4332-B7CB-2D324F9FA51A}"
EndProject
Project("{9A19103F-16F7-4668-BE54-9A1E7A4F7556}") = "Baekjoon", "Baekjoon\Baekjoon.csproj", "{78C3BA4C-5A05-4826-8684-976A4AF80840}"
EndProject
Project("{9A19103F-16F7-4668-BE54-9A1E7A4F7556}") = "06.Heap", "06.Heap\06.Heap.csproj", "{298B1C2E-E76E-4477-A057-201C2A50D265}"
EndProject
Project("{9A19103F-16F7-4668-BE54-9A1E7A4F7556}") = "08.HashTable", "08.HashTable\08.HashTable.csproj", "{DC7D68F8-A320-4DD3-BB66-F82CB9D12296}"
EndProject
Project("{FAE04EC0-301F-11D3-BF4B-00C04F79EFBC}") = "09.AlgorithmTechniques", "09.AlgorithmTechniques\09.AlgorithmTechniques.csproj", "{B2B85A93-BB23-4C06-944B-036147ACDAE7}"
EndProject
Project("{FAE04EC0-301F-11D3-BF4B-00C04F79EFBC}") = "10.Sorting", "10.Sorting\10.Sorting.csproj", "{22BD6538-6343-493F-8941-75E8AC8A7F45}"
EndProject
Global
	GlobalSection(SolutionConfigurationPlatforms) = preSolution
		Debug|Any CPU = Debug|Any CPU
		Release|Any CPU = Release|Any CPU
	EndGlobalSection
	GlobalSection(ProjectConfigurationPlatforms) = postSolution
		{07C02351-4693-4D1C-A4BD-F27624589663}.Debug|Any CPU.ActiveCfg = Debug|Any CPU
		{07C02351-4693-4D1C-A4BD-F27624589663}.Debug|Any CPU.Build.0 = Debug|Any CPU
		{07C02351-4693-4D1C-A4BD-F27624589663}.Release|Any CPU.ActiveCfg = Release|Any CPU
		{07C02351-4693-4D1C-A4BD-F27624589663}.Release|Any CPU.Build.0 = Release|Any CPU
		{F2932D0D-44BC-43D5-B79C-0FC8D83D8927}.Debug|Any CPU.ActiveCfg = Debug|Any CPU
		{F2932D0D-44BC-43D5-B79C-0FC8D83D8927}.Debug|Any CPU.Build.0 = Debug|Any CPU
		{F2932D0D-44BC-43D5-B79C-0FC8D83D8927}.Release|Any CPU.ActiveCfg = Release|Any CPU
		{F2932D0D-44BC-43D5-B79C-0FC8D83D8927}.Release|Any CPU.Build.0 = Release|Any CPU
		{777EC0D1-A954-432B-99C9-C621EDDF75E2}.Debug|Any CPU.ActiveCfg = Debug|Any CPU
		{777EC0D1-A954-432B-99C9-C621EDDF75E2}.Debug|Any CPU.Build.0 = Debug|Any CPU
		{777EC0D1-A954-432B-99C9-C621EDDF75E2}.Release|Any CPU.ActiveCfg = Release|Any CPU
		{777EC0D1-A954-432B-99C9-C621EDDF75E2}.Release|Any CPU.Build.0 = Release|Any CPU
		{97D211DB-F3BE-4332-B7CB-2D324F9FA51A}.Debug|Any CPU.ActiveCfg = Debug|Any CPU
		{97D211DB-F3BE-4332-B7CB-2D324F9FA51A}.Debug|Any CPU.Build.0 = Debug|Any CPU
		{97D211DB-F3BE-4332-B7CB-2D324F9FA51A}.Release|Any CPU.ActiveCfg = Release|Any CPU
		{97D211DB-F3BE-4332-B7CB-2D324F9FA51A}.Release|Any CPU.Build.0 = Release|Any CPU
		{78C3BA4C-5A05-4826-8684-976A4AF80840}.Debug|Any CPU.ActiveCfg = Debug|Any CPU
		{78C3BA4C-5A05-4826-8684-976A4AF80840}.Debug|Any CPU.Build.0 = Debug|Any CPU
		{78C3BA4C-5A05-4826-8684-976A4AF80840}.Release|Any CPU.ActiveCfg = Release|Any CPU
		{78C3BA4C-5A05-4826-8684-976A4AF80840}.Release|Any CPU.Build.0 = Release|Any CPU
		{298B1C2E-E76E-4477-A057-201C2A50D265}.Debug|Any CPU.ActiveCfg = Debug|Any CPU
		{298B1C2E-E76E-4477-A057-201C2A50D265}.Debug|Any CPU.Build.0 = Debug|Any CPU
		{298B1C2E-E76E-4477-A057-201C2A50D265}.Release|Any CPU.ActiveCfg = Release|Any CPU
		{298B1C2E-E76E-4477-A057-201C2A50D265}.Release|Any CPU.Build.0 = Release|Any CPU
		{DC7D68F8-A320-4DD3-BB66-F82CB9D12296}.Debug|Any CPU.ActiveCfg = Debug|Any CPU
		{DC7D68F8-A320-4DD3-BB66-F82CB9D12296}.Debug|Any CPU.Build.0 = Debug|Any CPU
		{DC7D68F8-A320-4DD3-BB66-F82CB9D12296}.Release|Any CPU.ActiveCfg = Release|Any CPU
		{DC7D68F8-A320-4DD3-BB66-F82CB9D12296}.Release|Any CPU.Build.0 = Release|Any CPU
		{B2B85A93-BB23-4C06-944B-036147ACDAE7}.Debug|Any CPU.ActiveCfg = Debug|Any CPU
		{B2B85A93-BB23-4C06-944B-036147ACDAE7}.Debug|Any CPU.Build.0 = Debug|Any CPU
		{B2B85A93-BB23-4C06-944B-036147ACDAE7}.Release|Any CPU.ActiveCfg = Release|Any CPU
		{B2B85A93-BB23-4C06-944B-036147ACDAE7}.Release|Any CPU.Build.0 = Release|Any CPU
		{22BD6538-6343-493F-8941-75E8AC8A7F45}.Debug|Any CPU.ActiveCfg = Debug|Any CPU
		{22BD6538-6343-493F-8941-75E8AC8A7F45}.Debug|Any CPU.Build.0 = Debug|Any CPU
		{22BD6538-6343-493F-8941-75E8AC8A7F45}.Release|Any CPU.ActiveCfg = Release|Any CPU
		{22BD6538-6343-493F-8941-75E8AC8A7F45}.Release|Any CPU.Build.0 = Release|Any CPU
	EndGlobalSection
	GlobalSection(SolutionProperties) = preSolution
		HideSolutionNode = FALSE
	EndGlobalSection
	GlobalSection(ExtensibilityGlobals) = postSolution
		SolutionGuid = {C0FB20CA-6C22-44FB-AF44-16DB0CAC8E1F}
	EndGlobalSection
EndGlobal
